// !$*UTF8*$!
{
	archiveVersion = 1;
	classes = {
	};
	objectVersion = 56;
	objects = {

/* Begin PBXBuildFile section */
		91A48CCC290C89A900AF8A98 /* AppDelegate.swift in Sources */ = {isa = PBXBuildFile; fileRef = 91A48CCB290C89A900AF8A98 /* AppDelegate.swift */; };
		91A48CCE290C89A900AF8A98 /* SceneDelegate.swift in Sources */ = {isa = PBXBuildFile; fileRef = 91A48CCD290C89A900AF8A98 /* SceneDelegate.swift */; };
		91A48CD0290C89A900AF8A98 /* ViewController.swift in Sources */ = {isa = PBXBuildFile; fileRef = 91A48CCF290C89A900AF8A98 /* ViewController.swift */; };
		91A48CD3290C89A900AF8A98 /* Main.storyboard in Resources */ = {isa = PBXBuildFile; fileRef = 91A48CD1290C89A900AF8A98 /* Main.storyboard */; };
		91A48CD5290C89AB00AF8A98 /* Assets.xcassets in Resources */ = {isa = PBXBuildFile; fileRef = 91A48CD4290C89AB00AF8A98 /* Assets.xcassets */; };
		91A48CD8290C89AB00AF8A98 /* LaunchScreen.storyboard in Resources */ = {isa = PBXBuildFile; fileRef = 91A48CD6290C89AB00AF8A98 /* LaunchScreen.storyboard */; };
		91A48CE3290C89AB00AF8A98 /* iOSCalculatorTests.swift in Sources */ = {isa = PBXBuildFile; fileRef = 91A48CE2290C89AB00AF8A98 /* iOSCalculatorTests.swift */; };
		91A48CED290C89AB00AF8A98 /* iOSCalculatorUITests.swift in Sources */ = {isa = PBXBuildFile; fileRef = 91A48CEC290C89AB00AF8A98 /* iOSCalculatorUITests.swift */; };
		91A48CEF290C89AB00AF8A98 /* iOSCalculatorUITestsLaunchTests.swift in Sources */ = {isa = PBXBuildFile; fileRef = 91A48CEE290C89AB00AF8A98 /* iOSCalculatorUITestsLaunchTests.swift */; };
/* End PBXBuildFile section */

/* Begin PBXContainerItemProxy section */
		91A48CDF290C89AB00AF8A98 /* PBXContainerItemProxy */ = {
			isa = PBXContainerItemProxy;
			containerPortal = 91A48CC0290C89A900AF8A98 /* Project object */;
			proxyType = 1;
			remoteGlobalIDString = 91A48CC7290C89A900AF8A98;
			remoteInfo = iOSCalculator;
		};
		91A48CE9290C89AB00AF8A98 /* PBXContainerItemProxy */ = {
			isa = PBXContainerItemProxy;
			containerPortal = 91A48CC0290C89A900AF8A98 /* Project object */;
			proxyType = 1;
			remoteGlobalIDString = 91A48CC7290C89A900AF8A98;
			remoteInfo = iOSCalculator;
		};
/* End PBXContainerItemProxy section */

/* Begin PBXFileReference section */
		91A48CC8290C89A900AF8A98 /* iOSCalculator.app */ = {isa = PBXFileReference; explicitFileType = wrapper.application; includeInIndex = 0; path = iOSCalculator.app; sourceTree = BUILT_PRODUCTS_DIR; };
		91A48CCB290C89A900AF8A98 /* AppDelegate.swift */ = {isa = PBXFileReference; lastKnownFileType = sourcecode.swift; path = AppDelegate.swift; sourceTree = "<group>"; };
		91A48CCD290C89A900AF8A98 /* SceneDelegate.swift */ = {isa = PBXFileReference; lastKnownFileType = sourcecode.swift; path = SceneDelegate.swift; sourceTree = "<group>"; };
		91A48CCF290C89A900AF8A98 /* ViewController.swift */ = {isa = PBXFileReference; lastKnownFileType = sourcecode.swift; path = ViewController.swift; sourceTree = "<group>"; };
		91A48CD2290C89A900AF8A98 /* Base */ = {isa = PBXFileReference; lastKnownFileType = file.storyboard; name = Base; path = Base.lproj/Main.storyboard; sourceTree = "<group>"; };
		91A48CD4290C89AB00AF8A98 /* Assets.xcassets */ = {isa = PBXFileReference; lastKnownFileType = folder.assetcatalog; path = Assets.xcassets; sourceTree = "<group>"; };
		91A48CD7290C89AB00AF8A98 /* Base */ = {isa = PBXFileReference; lastKnownFileType = file.storyboard; name = Base; path = Base.lproj/LaunchScreen.storyboard; sourceTree = "<group>"; };
		91A48CD9290C89AB00AF8A98 /* Info.plist */ = {isa = PBXFileReference; lastKnownFileType = text.plist.xml; path = Info.plist; sourceTree = "<group>"; };
		91A48CDE290C89AB00AF8A98 /* iOSCalculatorTests.xctest */ = {isa = PBXFileReference; explicitFileType = wrapper.cfbundle; includeInIndex = 0; path = iOSCalculatorTests.xctest; sourceTree = BUILT_PRODUCTS_DIR; };
		91A48CE2290C89AB00AF8A98 /* iOSCalculatorTests.swift */ = {isa = PBXFileReference; lastKnownFileType = sourcecode.swift; path = iOSCalculatorTests.swift; sourceTree = "<group>"; };
		91A48CE8290C89AB00AF8A98 /* iOSCalculatorUITests.xctest */ = {isa = PBXFileReference; explicitFileType = wrapper.cfbundle; includeInIndex = 0; path = iOSCalculatorUITests.xctest; sourceTree = BUILT_PRODUCTS_DIR; };
		91A48CEC290C89AB00AF8A98 /* iOSCalculatorUITests.swift */ = {isa = PBXFileReference; lastKnownFileType = sourcecode.swift; path = iOSCalculatorUITests.swift; sourceTree = "<group>"; };
		91A48CEE290C89AB00AF8A98 /* iOSCalculatorUITestsLaunchTests.swift */ = {isa = PBXFileReference; lastKnownFileType = sourcecode.swift; path = iOSCalculatorUITestsLaunchTests.swift; sourceTree = "<group>"; };
/* End PBXFileReference section */

/* Begin PBXFrameworksBuildPhase section */
		91A48CC5290C89A900AF8A98 /* Frameworks */ = {
			isa = PBXFrameworksBuildPhase;
			buildActionMask = 2147483647;
			files = (
			);
			runOnlyForDeploymentPostprocessing = 0;
		};
		91A48CDB290C89AB00AF8A98 /* Frameworks */ = {
			isa = PBXFrameworksBuildPhase;
			buildActionMask = 2147483647;
			files = (
			);
			runOnlyForDeploymentPostprocessing = 0;
		};
		91A48CE5290C89AB00AF8A98 /* Frameworks */ = {
			isa = PBXFrameworksBuildPhase;
			buildActionMask = 2147483647;
			files = (
			);
			runOnlyForDeploymentPostprocessing = 0;
		};
/* End PBXFrameworksBuildPhase section */

/* Begin PBXGroup section */
		91A48CBF290C89A900AF8A98 = {
			isa = PBXGroup;
			children = (
				91A48CCA290C89A900AF8A98 /* iOSCalculator */,
				91A48CE1290C89AB00AF8A98 /* iOSCalculatorTests */,
				91A48CEB290C89AB00AF8A98 /* iOSCalculatorUITests */,
				91A48CC9290C89A900AF8A98 /* Products */,
			);
			sourceTree = "<group>";
		};
		91A48CC9290C89A900AF8A98 /* Products */ = {
			isa = PBXGroup;
			children = (
				91A48CC8290C89A900AF8A98 /* iOSCalculator.app */,
				91A48CDE290C89AB00AF8A98 /* iOSCalculatorTests.xctest */,
				91A48CE8290C89AB00AF8A98 /* iOSCalculatorUITests.xctest */,
			);
			name = Products;
			sourceTree = "<group>";
		};
		91A48CCA290C89A900AF8A98 /* iOSCalculator */ = {
			isa = PBXGroup;
			children = (
				91A48CCB290C89A900AF8A98 /* AppDelegate.swift */,
				91A48CCD290C89A900AF8A98 /* SceneDelegate.swift */,
				91A48CCF290C89A900AF8A98 /* ViewController.swift */,
				91A48CD1290C89A900AF8A98 /* Main.storyboard */,
				91A48CD4290C89AB00AF8A98 /* Assets.xcassets */,
				91A48CD6290C89AB00AF8A98 /* LaunchScreen.storyboard */,
				91A48CD9290C89AB00AF8A98 /* Info.plist */,
			);
			path = iOSCalculator;
			sourceTree = "<group>";
		};
		91A48CE1290C89AB00AF8A98 /* iOSCalculatorTests */ = {
			isa = PBXGroup;
			children = (
				91A48CE2290C89AB00AF8A98 /* iOSCalculatorTests.swift */,
			);
			path = iOSCalculatorTests;
			sourceTree = "<group>";
		};
		91A48CEB290C89AB00AF8A98 /* iOSCalculatorUITests */ = {
			isa = PBXGroup;
			children = (
				91A48CEC290C89AB00AF8A98 /* iOSCalculatorUITests.swift */,
				91A48CEE290C89AB00AF8A98 /* iOSCalculatorUITestsLaunchTests.swift */,
			);
			path = iOSCalculatorUITests;
			sourceTree = "<group>";
		};
/* End PBXGroup section */

/* Begin PBXNativeTarget section */
		91A48CC7290C89A900AF8A98 /* iOSCalculator */ = {
			isa = PBXNativeTarget;
			buildConfigurationList = 91A48CF2290C89AB00AF8A98 /* Build configuration list for PBXNativeTarget "iOSCalculator" */;
			buildPhases = (
				91A48CC4290C89A900AF8A98 /* Sources */,
				91A48CC5290C89A900AF8A98 /* Frameworks */,
				91A48CC6290C89A900AF8A98 /* Resources */,
			);
			buildRules = (
			);
			dependencies = (
			);
			name = iOSCalculator;
			productName = iOSCalculator;
			productReference = 91A48CC8290C89A900AF8A98 /* iOSCalculator.app */;
			productType = "com.apple.product-type.application";
		};
		91A48CDD290C89AB00AF8A98 /* iOSCalculatorTests */ = {
			isa = PBXNativeTarget;
			buildConfigurationList = 91A48CF5290C89AB00AF8A98 /* Build configuration list for PBXNativeTarget "iOSCalculatorTests" */;
			buildPhases = (
				91A48CDA290C89AB00AF8A98 /* Sources */,
				91A48CDB290C89AB00AF8A98 /* Frameworks */,
				91A48CDC290C89AB00AF8A98 /* Resources */,
			);
			buildRules = (
			);
			dependencies = (
				91A48CE0290C89AB00AF8A98 /* PBXTargetDependency */,
			);
			name = iOSCalculatorTests;
			productName = iOSCalculatorTests;
			productReference = 91A48CDE290C89AB00AF8A98 /* iOSCalculatorTests.xctest */;
			productType = "com.apple.product-type.bundle.unit-test";
		};
		91A48CE7290C89AB00AF8A98 /* iOSCalculatorUITests */ = {
			isa = PBXNativeTarget;
			buildConfigurationList = 91A48CF8290C89AB00AF8A98 /* Build configuration list for PBXNativeTarget "iOSCalculatorUITests" */;
			buildPhases = (
				91A48CE4290C89AB00AF8A98 /* Sources */,
				91A48CE5290C89AB00AF8A98 /* Frameworks */,
				91A48CE6290C89AB00AF8A98 /* Resources */,
			);
			buildRules = (
			);
			dependencies = (
				91A48CEA290C89AB00AF8A98 /* PBXTargetDependency */,
			);
			name = iOSCalculatorUITests;
			productName = iOSCalculatorUITests;
			productReference = 91A48CE8290C89AB00AF8A98 /* iOSCalculatorUITests.xctest */;
			productType = "com.apple.product-type.bundle.ui-testing";
		};
/* End PBXNativeTarget section */

/* Begin PBXProject section */
		91A48CC0290C89A900AF8A98 /* Project object */ = {
			isa = PBXProject;
			attributes = {
				BuildIndependentTargetsInParallel = 1;
				LastSwiftUpdateCheck = 1410;
				LastUpgradeCheck = 1410;
				TargetAttributes = {
					91A48CC7290C89A900AF8A98 = {
						CreatedOnToolsVersion = 14.1;
					};
					91A48CDD290C89AB00AF8A98 = {
						CreatedOnToolsVersion = 14.1;
						TestTargetID = 91A48CC7290C89A900AF8A98;
					};
					91A48CE7290C89AB00AF8A98 = {
						CreatedOnToolsVersion = 14.1;
						TestTargetID = 91A48CC7290C89A900AF8A98;
					};
				};
			};
			buildConfigurationList = 91A48CC3290C89A900AF8A98 /* Build configuration list for PBXProject "iOSCalculator" */;
			compatibilityVersion = "Xcode 14.0";
			developmentRegion = en;
			hasScannedForEncodings = 0;
			knownRegions = (
				en,
				Base,
			);
			mainGroup = 91A48CBF290C89A900AF8A98;
			productRefGroup = 91A48CC9290C89A900AF8A98 /* Products */;
			projectDirPath = "";
			projectRoot = "";
			targets = (
				91A48CC7290C89A900AF8A98 /* iOSCalculator */,
				91A48CDD290C89AB00AF8A98 /* iOSCalculatorTests */,
				91A48CE7290C89AB00AF8A98 /* iOSCalculatorUITests */,
			);
		};
/* End PBXProject section */

/* Begin PBXResourcesBuildPhase section */
		91A48CC6290C89A900AF8A98 /* Resources */ = {
			isa = PBXResourcesBuildPhase;
			buildActionMask = 2147483647;
			files = (
				91A48CD8290C89AB00AF8A98 /* LaunchScreen.storyboard in Resources */,
				91A48CD5290C89AB00AF8A98 /* Assets.xcassets in Resources */,
				91A48CD3290C89A900AF8A98 /* Main.storyboard in Resources */,
			);
			runOnlyForDeploymentPostprocessing = 0;
		};
		91A48CDC290C89AB00AF8A98 /* Resources */ = {
			isa = PBXResourcesBuildPhase;
			buildActionMask = 2147483647;
			files = (
			);
			runOnlyForDeploymentPostprocessing = 0;
		};
		91A48CE6290C89AB00AF8A98 /* Resources */ = {
			isa = PBXResourcesBuildPhase;
			buildActionMask = 2147483647;
			files = (
			);
			runOnlyForDeploymentPostprocessing = 0;
		};
/* End PBXResourcesBuildPhase section */

/* Begin PBXSourcesBuildPhase section */
		91A48CC4290C89A900AF8A98 /* Sources */ = {
			isa = PBXSourcesBuildPhase;
			buildActionMask = 2147483647;
			files = (
				91A48CD0290C89A900AF8A98 /* ViewController.swift in Sources */,
				91A48CCC290C89A900AF8A98 /* AppDelegate.swift in Sources */,
				91A48CCE290C89A900AF8A98 /* SceneDelegate.swift in Sources */,
			);
			runOnlyForDeploymentPostprocessing = 0;
		};
		91A48CDA290C89AB00AF8A98 /* Sources */ = {
			isa = PBXSourcesBuildPhase;
			buildActionMask = 2147483647;
			files = (
				91A48CE3290C89AB00AF8A98 /* iOSCalculatorTests.swift in Sources */,
			);
			runOnlyForDeploymentPostprocessing = 0;
		};
		91A48CE4290C89AB00AF8A98 /* Sources */ = {
			isa = PBXSourcesBuildPhase;
			buildActionMask = 2147483647;
			files = (
				91A48CEF290C89AB00AF8A98 /* iOSCalculatorUITestsLaunchTests.swift in Sources */,
				91A48CED290C89AB00AF8A98 /* iOSCalculatorUITests.swift in Sources */,
			);
			runOnlyForDeploymentPostprocessing = 0;
		};
/* End PBXSourcesBuildPhase section */

/* Begin PBXTargetDependency section */
		91A48CE0290C89AB00AF8A98 /* PBXTargetDependency */ = {
			isa = PBXTargetDependency;
			target = 91A48CC7290C89A900AF8A98 /* iOSCalculator */;
			targetProxy = 91A48CDF290C89AB00AF8A98 /* PBXContainerItemProxy */;
		};
		91A48CEA290C89AB00AF8A98 /* PBXTargetDependency */ = {
			isa = PBXTargetDependency;
			target = 91A48CC7290C89A900AF8A98 /* iOSCalculator */;
			targetProxy = 91A48CE9290C89AB00AF8A98 /* PBXContainerItemProxy */;
		};
/* End PBXTargetDependency section */

/* Begin PBXVariantGroup section */
		91A48CD1290C89A900AF8A98 /* Main.storyboard */ = {
			isa = PBXVariantGroup;
			children = (
				91A48CD2290C89A900AF8A98 /* Base */,
			);
			name = Main.storyboard;
			sourceTree = "<group>";
		};
		91A48CD6290C89AB00AF8A98 /* LaunchScreen.storyboard */ = {
			isa = PBXVariantGroup;
			children = (
				91A48CD7290C89AB00AF8A98 /* Base */,
			);
			name = LaunchScreen.storyboard;
			sourceTree = "<group>";
		};
/* End PBXVariantGroup section */

/* Begin XCBuildConfiguration section */
		91A48CF0290C89AB00AF8A98 /* Debug */ = {
			isa = XCBuildConfiguration;
			buildSettings = {
				ALWAYS_SEARCH_USER_PATHS = NO;
				CLANG_ANALYZER_NONNULL = YES;
				CLANG_ANALYZER_NUMBER_OBJECT_CONVERSION = YES_AGGRESSIVE;
				CLANG_CXX_LANGUAGE_STANDARD = "gnu++20";
				CLANG_ENABLE_MODULES = YES;
				CLANG_ENABLE_OBJC_ARC = YES;
				CLANG_ENABLE_OBJC_WEAK = YES;
				CLANG_WARN_BLOCK_CAPTURE_AUTORELEASING = YES;
				CLANG_WARN_BOOL_CONVERSION = YES;
				CLANG_WARN_COMMA = YES;
				CLANG_WARN_CONSTANT_CONVERSION = YES;
				CLANG_WARN_DEPRECATED_OBJC_IMPLEMENTATIONS = YES;
				CLANG_WARN_DIRECT_OBJC_ISA_USAGE = YES_ERROR;
				CLANG_WARN_DOCUMENTATION_COMMENTS = YES;
				CLANG_WARN_EMPTY_BODY = YES;
				CLANG_WARN_ENUM_CONVERSION = YES;
				CLANG_WARN_INFINITE_RECURSION = YES;
				CLANG_WARN_INT_CONVERSION = YES;
				CLANG_WARN_NON_LITERAL_NULL_CONVERSION = YES;
				CLANG_WARN_OBJC_IMPLICIT_RETAIN_SELF = YES;
				CLANG_WARN_OBJC_LITERAL_CONVERSION = YES;
				CLANG_WARN_OBJC_ROOT_CLASS = YES_ERROR;
				CLANG_WARN_QUOTED_INCLUDE_IN_FRAMEWORK_HEADER = YES;
				CLANG_WARN_RANGE_LOOP_ANALYSIS = YES;
				CLANG_WARN_STRICT_PROTOTYPES = YES;
				CLANG_WARN_SUSPICIOUS_MOVE = YES;
				CLANG_WARN_UNGUARDED_AVAILABILITY = YES_AGGRESSIVE;
				CLANG_WARN_UNREACHABLE_CODE = YES;
				CLANG_WARN__DUPLICATE_METHOD_MATCH = YES;
				COPY_PHASE_STRIP = NO;
				DEBUG_INFORMATION_FORMAT = dwarf;
				ENABLE_STRICT_OBJC_MSGSEND = YES;
				ENABLE_TESTABILITY = YES;
				GCC_C_LANGUAGE_STANDARD = gnu11;
				GCC_DYNAMIC_NO_PIC = NO;
				GCC_NO_COMMON_BLOCKS = YES;
				GCC_OPTIMIZATION_LEVEL = 0;
				GCC_PREPROCESSOR_DEFINITIONS = (
					"DEBUG=1",
					"$(inherited)",
				);
				GCC_WARN_64_TO_32_BIT_CONVERSION = YES;
				GCC_WARN_ABOUT_RETURN_TYPE = YES_ERROR;
				GCC_WARN_UNDECLARED_SELECTOR = YES;
				GCC_WARN_UNINITIALIZED_AUTOS = YES_AGGRESSIVE;
				GCC_WARN_UNUSED_FUNCTION = YES;
				GCC_WARN_UNUSED_VARIABLE = YES;
				IPHONEOS_DEPLOYMENT_TARGET = 16.1;
				MTL_ENABLE_DEBUG_INFO = INCLUDE_SOURCE;
				MTL_FAST_MATH = YES;
				ONLY_ACTIVE_ARCH = YES;
				SDKROOT = iphoneos;
				SWIFT_ACTIVE_COMPILATION_CONDITIONS = DEBUG;
				SWIFT_OPTIMIZATION_LEVEL = "-Onone";
			};
			name = Debug;
		};
		91A48CF1290C89AB00AF8A98 /* Release */ = {
			isa = XCBuildConfiguration;
			buildSettings = {
				ALWAYS_SEARCH_USER_PATHS = NO;
				CLANG_ANALYZER_NONNULL = YES;
				CLANG_ANALYZER_NUMBER_OBJECT_CONVERSION = YES_AGGRESSIVE;
				CLANG_CXX_LANGUAGE_STANDARD = "gnu++20";
				CLANG_ENABLE_MODULES = YES;
				CLANG_ENABLE_OBJC_ARC = YES;
				CLANG_ENABLE_OBJC_WEAK = YES;
				CLANG_WARN_BLOCK_CAPTURE_AUTORELEASING = YES;
				CLANG_WARN_BOOL_CONVERSION = YES;
				CLANG_WARN_COMMA = YES;
				CLANG_WARN_CONSTANT_CONVERSION = YES;
				CLANG_WARN_DEPRECATED_OBJC_IMPLEMENTATIONS = YES;
				CLANG_WARN_DIRECT_OBJC_ISA_USAGE = YES_ERROR;
				CLANG_WARN_DOCUMENTATION_COMMENTS = YES;
				CLANG_WARN_EMPTY_BODY = YES;
				CLANG_WARN_ENUM_CONVERSION = YES;
				CLANG_WARN_INFINITE_RECURSION = YES;
				CLANG_WARN_INT_CONVERSION = YES;
				CLANG_WARN_NON_LITERAL_NULL_CONVERSION = YES;
				CLANG_WARN_OBJC_IMPLICIT_RETAIN_SELF = YES;
				CLANG_WARN_OBJC_LITERAL_CONVERSION = YES;
				CLANG_WARN_OBJC_ROOT_CLASS = YES_ERROR;
				CLANG_WARN_QUOTED_INCLUDE_IN_FRAMEWORK_HEADER = YES;
				CLANG_WARN_RANGE_LOOP_ANALYSIS = YES;
				CLANG_WARN_STRICT_PROTOTYPES = YES;
				CLANG_WARN_SUSPICIOUS_MOVE = YES;
				CLANG_WARN_UNGUARDED_AVAILABILITY = YES_AGGRESSIVE;
				CLANG_WARN_UNREACHABLE_CODE = YES;
				CLANG_WARN__DUPLICATE_METHOD_MATCH = YES;
				COPY_PHASE_STRIP = NO;
				DEBUG_INFORMATION_FORMAT = "dwarf-with-dsym";
				ENABLE_NS_ASSERTIONS = NO;
				ENABLE_STRICT_OBJC_MSGSEND = YES;
				GCC_C_LANGUAGE_STANDARD = gnu11;
				GCC_NO_COMMON_BLOCKS = YES;
				GCC_WARN_64_TO_32_BIT_CONVERSION = YES;
				GCC_WARN_ABOUT_RETURN_TYPE = YES_ERROR;
				GCC_WARN_UNDECLARED_SELECTOR = YES;
				GCC_WARN_UNINITIALIZED_AUTOS = YES_AGGRESSIVE;
				GCC_WARN_UNUSED_FUNCTION = YES;
				GCC_WARN_UNUSED_VARIABLE = YES;
				IPHONEOS_DEPLOYMENT_TARGET = 16.1;
				MTL_ENABLE_DEBUG_INFO = NO;
				MTL_FAST_MATH = YES;
				SDKROOT = iphoneos;
				SWIFT_COMPILATION_MODE = wholemodule;
				SWIFT_OPTIMIZATION_LEVEL = "-O";
				VALIDATE_PRODUCT = YES;
			};
			name = Release;
		};
		91A48CF3290C89AB00AF8A98 /* Debug */ = {
			isa = XCBuildConfiguration;
			buildSettings = {
				ASSETCATALOG_COMPILER_APPICON_NAME = AppIcon;
				ASSETCATALOG_COMPILER_GLOBAL_ACCENT_COLOR_NAME = AccentColor;
				CODE_SIGN_STYLE = Automatic;
				CURRENT_PROJECT_VERSION = 1;
				GENERATE_INFOPLIST_FILE = YES;
				INFOPLIST_FILE = iOSCalculator/Info.plist;
				INFOPLIST_KEY_UIApplicationSupportsIndirectInputEvents = YES;
				INFOPLIST_KEY_UILaunchStoryboardName = LaunchScreen;
				INFOPLIST_KEY_UIMainStoryboardFile = Main;
				INFOPLIST_KEY_UISupportedInterfaceOrientations_iPad = "UIInterfaceOrientationPortrait UIInterfaceOrientationPortraitUpsideDown UIInterfaceOrientationLandscapeLeft UIInterfaceOrientationLandscapeRight";
				INFOPLIST_KEY_UISupportedInterfaceOrientations_iPhone = "UIInterfaceOrientationPortrait UIInterfaceOrientationLandscapeLeft UIInterfaceOrientationLandscapeRight";
				LD_RUNPATH_SEARCH_PATHS = (
					"$(inherited)",
					"@executable_path/Frameworks",
				);
				MARKETING_VERSION = 1.0;
				PRODUCT_BUNDLE_IDENTIFIER = School.iOSCalculator;
				PRODUCT_NAME = "$(TARGET_NAME)";
				SWIFT_EMIT_LOC_STRINGS = YES;
				SWIFT_VERSION = 5.0;
				TARGETED_DEVICE_FAMILY = "1,2";
			};
			name = Debug;
		};
		91A48CF4290C89AB00AF8A98 /* Release */ = {
			isa = XCBuildConfiguration;
			buildSettings = {
				ASSETCATALOG_COMPILER_APPICON_NAME = AppIcon;
				ASSETCATALOG_COMPILER_GLOBAL_ACCENT_COLOR_NAME = AccentColor;
				CODE_SIGN_STYLE = Automatic;
				CURRENT_PROJECT_VERSION = 1;
				GENERATE_INFOPLIST_FILE = YES;
				INFOPLIST_FILE = iOSCalculator/Info.plist;
				INFOPLIST_KEY_UIApplicationSupportsIndirectInputEvents = YES;
				INFOPLIST_KEY_UILaunchStoryboardName = LaunchScreen;
				INFOPLIST_KEY_UIMainStoryboardFile = Main;
				INFOPLIST_KEY_UISupportedInterfaceOrientations_iPad = "UIInterfaceOrientationPortrait UIInterfaceOrientationPortraitUpsideDown UIInterfaceOrientationLandscapeLeft UIInterfaceOrientationLandscapeRight";
				INFOPLIST_KEY_UISupportedInterfaceOrientations_iPhone = "UIInterfaceOrientationPortrait UIInterfaceOrientationLandscapeLeft UIInterfaceOrientationLandscapeRight";
				LD_RUNPATH_SEARCH_PATHS = (
					"$(inherited)",
					"@executable_path/Frameworks",
				);
				MARKETING_VERSION = 1.0;
				PRODUCT_BUNDLE_IDENTIFIER = School.iOSCalculator;
				PRODUCT_NAME = "$(TARGET_NAME)";
				SWIFT_EMIT_LOC_STRINGS = YES;
				SWIFT_VERSION = 5.0;
				TARGETED_DEVICE_FAMILY = "1,2";
			};
			name = Release;
		};
		91A48CF6290C89AB00AF8A98 /* Debug */ = {
			isa = XCBuildConfiguration;
			buildSettings = {
				ALWAYS_EMBED_SWIFT_STANDARD_LIBRARIES = YES;
				BUNDLE_LOADER = "$(TEST_HOST)";
				CODE_SIGN_STYLE = Automatic;
				CURRENT_PROJECT_VERSION = 1;
				GENERATE_INFOPLIST_FILE = YES;
				IPHONEOS_DEPLOYMENT_TARGET = 16.1;
				MARKETING_VERSION = 1.0;
				PRODUCT_BUNDLE_IDENTIFIER = School.iOSCalculatorTests;
				PRODUCT_NAME = "$(TARGET_NAME)";
				SWIFT_EMIT_LOC_STRINGS = NO;
				SWIFT_VERSION = 5.0;
				TARGETED_DEVICE_FAMILY = "1,2";
				TEST_HOST = "$(BUILT_PRODUCTS_DIR)/iOSCalculator.app/$(BUNDLE_EXECUTABLE_FOLDER_PATH)/iOSCalculator";
			};
			name = Debug;
		};
		91A48CF7290C89AB00AF8A98 /* Release */ = {
			isa = XCBuildConfiguration;
			buildSettings = {
				ALWAYS_EMBED_SWIFT_STANDARD_LIBRARIES = YES;
				BUNDLE_LOADER = "$(TEST_HOST)";
				CODE_SIGN_STYLE = Automatic;
				CURRENT_PROJECT_VERSION = 1;
				GENERATE_INFOPLIST_FILE = YES;
				IPHONEOS_DEPLOYMENT_TARGET = 16.1;
				MARKETING_VERSION = 1.0;
				PRODUCT_BUNDLE_IDENTIFIER = School.iOSCalculatorTests;
				PRODUCT_NAME = "$(TARGET_NAME)";
				SWIFT_EMIT_LOC_STRINGS = NO;
				SWIFT_VERSION = 5.0;
				TARGETED_DEVICE_FAMILY = "1,2";
				TEST_HOST = "$(BUILT_PRODUCTS_DIR)/iOSCalculator.app/$(BUNDLE_EXECUTABLE_FOLDER_PATH)/iOSCalculator";
			};
			name = Release;
		};
		91A48CF9290C89AB00AF8A98 /* Debug */ = {
			isa = XCBuildConfiguration;
			buildSettings = {
				ALWAYS_EMBED_SWIFT_STANDARD_LIBRARIES = YES;
				CODE_SIGN_STYLE = Automatic;
				CURRENT_PROJECT_VERSION = 1;
				GENERATE_INFOPLIST_FILE = YES;
				MARKETING_VERSION = 1.0;
				PRODUCT_BUNDLE_IDENTIFIER = School.iOSCalculatorUITests;
				PRODUCT_NAME = "$(TARGET_NAME)";
				SWIFT_EMIT_LOC_STRINGS = NO;
				SWIFT_VERSION = 5.0;
				TARGETED_DEVICE_FAMILY = "1,2";
				TEST_TARGET_NAME = iOSCalculator;
			};
			name = Debug;
		};
		91A48CFA290C89AB00AF8A98 /* Release */ = {
			isa = XCBuildConfiguration;
			buildSettings = {
				ALWAYS_EMBED_SWIFT_STANDARD_LIBRARIES = YES;
				CODE_SIGN_STYLE = Automatic;
				CURRENT_PROJECT_VERSION = 1;
				GENERATE_INFOPLIST_FILE = YES;
				MARKETING_VERSION = 1.0;
				PRODUCT_BUNDLE_IDENTIFIER = School.iOSCalculatorUITests;
				PRODUCT_NAME = "$(TARGET_NAME)";
				SWIFT_EMIT_LOC_STRINGS = NO;
				SWIFT_VERSION = 5.0;
				TARGETED_DEVICE_FAMILY = "1,2";
				TEST_TARGET_NAME = iOSCalculator;
			};
			name = Release;
		};
/* End XCBuildConfiguration section */

/* Begin XCConfigurationList section */
		91A48CC3290C89A900AF8A98 /* Build configuration list for PBXProject "iOSCalculator" */ = {
			isa = XCConfigurationList;
			buildConfigurations = (
				91A48CF0290C89AB00AF8A98 /* Debug */,
				91A48CF1290C89AB00AF8A98 /* Release */,
			);
			defaultConfigurationIsVisible = 0;
			defaultConfigurationName = Release;
		};
		91A48CF2290C89AB00AF8A98 /* Build configuration list for PBXNativeTarget "iOSCalculator" */ = {
			isa = XCConfigurationList;
			buildConfigurations = (
				91A48CF3290C89AB00AF8A98 /* Debug */,
				91A48CF4290C89AB00AF8A98 /* Release */,
			);
			defaultConfigurationIsVisible = 0;
			defaultConfigurationName = Release;
		};
		91A48CF5290C89AB00AF8A98 /* Build configuration list for PBXNativeTarget "iOSCalculatorTests" */ = {
			isa = XCConfigurationList;
			buildConfigurations = (
				91A48CF6290C89AB00AF8A98 /* Debug */,
				91A48CF7290C89AB00AF8A98 /* Release */,
			);
			defaultConfigurationIsVisible = 0;
			defaultConfigurationName = Release;
		};
		91A48CF8290C89AB00AF8A98 /* Build configuration list for PBXNativeTarget "iOSCalculatorUITests" */ = {
			isa = XCConfigurationList;
			buildConfigurations = (
				91A48CF9290C89AB00AF8A98 /* Debug */,
				91A48CFA290C89AB00AF8A98 /* Release */,
			);
			defaultConfigurationIsVisible = 0;
			defaultConfigurationName = Release;
		};
/* End XCConfigurationList section */
	};
	rootObject = 91A48CC0290C89A900AF8A98 /* Project object */;
}
